
Microsoft Visual Studio Solution File, Format Version 12.00
# Visual Studio Version 17
VisualStudioVersion = 17.12.35707.178
MinimumVisualStudioVersion = 10.0.40219.1
Project("{FAE04EC0-301F-11D3-BF4B-00C04F79EFBC}") = "FinalProjectServer", "FinalProjectServer\FinalProjectServer.csproj", "{DF54F390-8226-471F-BC93-AC0ED6ED4828}"
EndProject
Project("{FAE04EC0-301F-11D3-BF4B-00C04F79EFBC}") = "FinalProjectLib", "CommandLib\FinalProjectLib.csproj", "{3ED69EF2-8117-485A-929F-09FB8E5B187D}"
EndProject
Project("{FAE04EC0-301F-11D3-BF4B-00C04F79EFBC}") = "FinalProjectClient", "FinalProjectClient\FinalProjectClient.csproj", "{6266F370-19F7-4252-B9B2-ACAC5EAA4803}"
EndProject
Project("{FAE04EC0-301F-11D3-BF4B-00C04F79EFBC}") = "TcpLib", "TcpLib\TcpLib.csproj", "{4F6DECD9-8364-4FAA-8ADE-022194E736BA}"
EndProject
Global
	GlobalSection(SolutionConfigurationPlatforms) = preSolution
		Debug|Any CPU = Debug|Any CPU
		Release|Any CPU = Release|Any CPU
	EndGlobalSection
	GlobalSection(ProjectConfigurationPlatforms) = postSolution
		{DF54F390-8226-471F-BC93-AC0ED6ED4828}.Debug|Any CPU.ActiveCfg = Debug|Any CPU
		{DF54F390-8226-471F-BC93-AC0ED6ED4828}.Debug|Any CPU.Build.0 = Debug|Any CPU
		{DF54F390-8226-471F-BC93-AC0ED6ED4828}.Release|Any CPU.ActiveCfg = Release|Any CPU
		{DF54F390-8226-471F-BC93-AC0ED6ED4828}.Release|Any CPU.Build.0 = Release|Any CPU
		{3ED69EF2-8117-485A-929F-09FB8E5B187D}.Debug|Any CPU.ActiveCfg = Debug|Any CPU
		{3ED69EF2-8117-485A-929F-09FB8E5B187D}.Debug|Any CPU.Build.0 = Debug|Any CPU
		{3ED69EF2-8117-485A-929F-09FB8E5B187D}.Release|Any CPU.ActiveCfg = Release|Any CPU
		{3ED69EF2-8117-485A-929F-09FB8E5B187D}.Release|Any CPU.Build.0 = Release|Any CPU
		{6266F370-19F7-4252-B9B2-ACAC5EAA4803}.Debug|Any CPU.ActiveCfg = Debug|Any CPU
		{6266F370-19F7-4252-B9B2-ACAC5EAA4803}.Debug|Any CPU.Build.0 = Debug|Any CPU
		{6266F370-19F7-4252-B9B2-ACAC5EAA4803}.Release|Any CPU.ActiveCfg = Release|Any CPU
		{6266F370-19F7-4252-B9B2-ACAC5EAA4803}.Release|Any CPU.Build.0 = Release|Any CPU
		{4F6DECD9-8364-4FAA-8ADE-022194E736BA}.Debug|Any CPU.ActiveCfg = Debug|Any CPU
		{4F6DECD9-8364-4FAA-8ADE-022194E736BA}.Debug|Any CPU.Build.0 = Debug|Any CPU
		{4F6DECD9-8364-4FAA-8ADE-022194E736BA}.Release|Any CPU.ActiveCfg = Release|Any CPU
		{4F6DECD9-8364-4FAA-8ADE-022194E736BA}.Release|Any CPU.Build.0 = Release|Any CPU
	EndGlobalSection
	GlobalSection(SolutionProperties) = preSolution
		HideSolutionNode = FALSE
	EndGlobalSection
EndGlobal
